
Microsoft Visual Studio Solution File, Format Version 12.00
# Visual Studio Version 17
VisualStudioVersion = 17.9.34714.143
MinimumVisualStudioVersion = 10.0.40219.1
Project("{FAE04EC0-301F-11D3-BF4B-00C04F79EFBC}") = "ITPDServer", "ITPDServer\ITPDServer.csproj", "{C67E51B1-FE30-4DDE-B205-BD53F3E4FC11}"
EndProject
Project("{FAE04EC0-301F-11D3-BF4B-00C04F79EFBC}") = "BinanceLibrary", "BinanceLibrary\BinanceLibrary.csproj", "{E5ABAFC8-C128-4FE4-B853-8BC8808322CE}"
EndProject
Global
	GlobalSection(SolutionConfigurationPlatforms) = preSolution
		Debug|Any CPU = Debug|Any CPU
		Release|Any CPU = Release|Any CPU
	EndGlobalSection
	GlobalSection(ProjectConfigurationPlatforms) = postSolution
		{C67E51B1-FE30-4DDE-B205-BD53F3E4FC11}.Debug|Any CPU.ActiveCfg = Debug|Any CPU
		{C67E51B1-FE30-4DDE-B205-BD53F3E4FC11}.Debug|Any CPU.Build.0 = Debug|Any CPU
		{C67E51B1-FE30-4DDE-B205-BD53F3E4FC11}.Release|Any CPU.ActiveCfg = Release|Any CPU
		{C67E51B1-FE30-4DDE-B205-BD53F3E4FC11}.Release|Any CPU.Build.0 = Release|Any CPU
		{E5ABAFC8-C128-4FE4-B853-8BC8808322CE}.Debug|Any CPU.ActiveCfg = Debug|Any CPU
		{E5ABAFC8-C128-4FE4-B853-8BC8808322CE}.Debug|Any CPU.Build.0 = Debug|Any CPU
		{E5ABAFC8-C128-4FE4-B853-8BC8808322CE}.Release|Any CPU.ActiveCfg = Release|Any CPU
		{E5ABAFC8-C128-4FE4-B853-8BC8808322CE}.Release|Any CPU.Build.0 = Release|Any CPU
	EndGlobalSection
	GlobalSection(SolutionProperties) = preSolution
		HideSolutionNode = FALSE
	EndGlobalSection
	GlobalSection(ExtensibilityGlobals) = postSolution
		SolutionGuid = {4791D174-D2A7-4F85-8A7C-71A9387CACFF}
	EndGlobalSection
EndGlobal
